
Microsoft Visual Studio Solution File, Format Version 12.00
# Visual Studio Version 16
VisualStudioVersion = 16.0.31729.503
MinimumVisualStudioVersion = 10.0.40219.1
Project("{FAE04EC0-301F-11D3-BF4B-00C04F79EFBC}") = "ProjetoCalculadora", "ProjetoCalculadora.csproj", "{228721E1-E174-4960-89CA-60A9288CA2DA}"
EndProject
Global
	GlobalSection(SolutionConfigurationPlatforms) = preSolution
		Debug|Any CPU = Debug|Any CPU
		Release|Any CPU = Release|Any CPU
	EndGlobalSection
	GlobalSection(ProjectConfigurationPlatforms) = postSolution
		{228721E1-E174-4960-89CA-60A9288CA2DA}.Debug|Any CPU.ActiveCfg = Debug|Any CPU
		{228721E1-E174-4960-89CA-60A9288CA2DA}.Debug|Any CPU.Build.0 = Debug|Any CPU
		{228721E1-E174-4960-89CA-60A9288CA2DA}.Release|Any CPU.ActiveCfg = Release|Any CPU
		{228721E1-E174-4960-89CA-60A9288CA2DA}.Release|Any CPU.Build.0 = Release|Any CPU
	EndGlobalSection
	GlobalSection(SolutionProperties) = preSolution
		HideSolutionNode = FALSE
	EndGlobalSection
	GlobalSection(ExtensibilityGlobals) = postSolution
		SolutionGuid = {51A12A62-7D37-460C-8D2E-AAE34B490DB9}
	EndGlobalSection
EndGlobal
